
Microsoft Visual Studio Solution File, Format Version 12.00
# Visual Studio Version 17
VisualStudioVersion = 17.1.32210.238
MinimumVisualStudioVersion = 10.0.40219.1
Project("{F184B08F-C81C-45F6-A57F-5ABD9991F28F}") = "Security", "Security.vbproj", "{129A9D94-AF19-41AE-BE5D-F9C535716A93}"
EndProject
Global
	GlobalSection(SolutionConfigurationPlatforms) = preSolution
		Debug|Any CPU = Debug|Any CPU
		Release|Any CPU = Release|Any CPU
	EndGlobalSection
	GlobalSection(ProjectConfigurationPlatforms) = postSolution
		{129A9D94-AF19-41AE-BE5D-F9C535716A93}.Debug|Any CPU.ActiveCfg = Debug|Any CPU
		{129A9D94-AF19-41AE-BE5D-F9C535716A93}.Debug|Any CPU.Build.0 = Debug|Any CPU
		{129A9D94-AF19-41AE-BE5D-F9C535716A93}.Release|Any CPU.ActiveCfg = Release|Any CPU
		{129A9D94-AF19-41AE-BE5D-F9C535716A93}.Release|Any CPU.Build.0 = Release|Any CPU
	EndGlobalSection
	GlobalSection(SolutionProperties) = preSolution
		HideSolutionNode = FALSE
	EndGlobalSection
	GlobalSection(ExtensibilityGlobals) = postSolution
		SolutionGuid = {D286EB29-F55A-47B9-A649-58EC008E28D2}
	EndGlobalSection
EndGlobal
